
Microsoft Visual Studio Solution File, Format Version 12.00
# Visual Studio Version 16
VisualStudioVersion = 16.0.31025.218
MinimumVisualStudioVersion = 10.0.40219.1
Project("{FAE04EC0-301F-11D3-BF4B-00C04F79EFBC}") = "MedicationSchedule", "MedicationSchedule\MedicationSchedule\MedicationSchedule.csproj", "{1A619310-D1C9-419D-9EDD-D3FBF6CCEA0C}"
EndProject
Project("{FAE04EC0-301F-11D3-BF4B-00C04F79EFBC}") = "MedicationSchedule.Android", "MedicationSchedule\MedicationSchedule.Android\MedicationSchedule.Android.csproj", "{61A2437F-010A-46D9-AD9C-FC226D30020E}"
EndProject
Project("{FAE04EC0-301F-11D3-BF4B-00C04F79EFBC}") = "MedicationSchedule.iOS", "MedicationSchedule\MedicationSchedule.iOS\MedicationSchedule.iOS.csproj", "{69979269-6EE1-4ED0-858B-5E46EB192BD6}"
EndProject
Project("{FAE04EC0-301F-11D3-BF4B-00C04F79EFBC}") = "MedicationSchedule.UWP", "MedicationSchedule\MedicationSchedule.UWP\MedicationSchedule.UWP.csproj", "{16509B24-3394-4E18-B0CE-B30B7B39B265}"
EndProject
Global
	GlobalSection(SolutionConfigurationPlatforms) = preSolution
		Ad-Hoc|Any CPU = Ad-Hoc|Any CPU
		Ad-Hoc|ARM = Ad-Hoc|ARM
		Ad-Hoc|iPhone = Ad-Hoc|iPhone
		Ad-Hoc|iPhoneSimulator = Ad-Hoc|iPhoneSimulator
		Ad-Hoc|x64 = Ad-Hoc|x64
		Ad-Hoc|x86 = Ad-Hoc|x86
		AppStore|Any CPU = AppStore|Any CPU
		AppStore|ARM = AppStore|ARM
		AppStore|iPhone = AppStore|iPhone
		AppStore|iPhoneSimulator = AppStore|iPhoneSimulator
		AppStore|x64 = AppStore|x64
		AppStore|x86 = AppStore|x86
		Debug|Any CPU = Debug|Any CPU
		Debug|ARM = Debug|ARM
		Debug|iPhone = Debug|iPhone
		Debug|iPhoneSimulator = Debug|iPhoneSimulator
		Debug|x64 = Debug|x64
		Debug|x86 = Debug|x86
		Release|Any CPU = Release|Any CPU
		Release|ARM = Release|ARM
		Release|iPhone = Release|iPhone
		Release|iPhoneSimulator = Release|iPhoneSimulator
		Release|x64 = Release|x64
		Release|x86 = Release|x86
	EndGlobalSection
	GlobalSection(ProjectConfigurationPlatforms) = postSolution
		{1A619310-D1C9-419D-9EDD-D3FBF6CCEA0C}.Ad-Hoc|Any CPU.ActiveCfg = Debug|Any CPU
		{1A619310-D1C9-419D-9EDD-D3FBF6CCEA0C}.Ad-Hoc|Any CPU.Build.0 = Debug|Any CPU
		{1A619310-D1C9-419D-9EDD-D3FBF6CCEA0C}.Ad-Hoc|ARM.ActiveCfg = Debug|Any CPU
		{1A619310-D1C9-419D-9EDD-D3FBF6CCEA0C}.Ad-Hoc|ARM.Build.0 = Debug|Any CPU
		{1A619310-D1C9-419D-9EDD-D3FBF6CCEA0C}.Ad-Hoc|iPhone.ActiveCfg = Debug|Any CPU
		{1A619310-D1C9-419D-9EDD-D3FBF6CCEA0C}.Ad-Hoc|iPhone.Build.0 = Debug|Any CPU
		{1A619310-D1C9-419D-9EDD-D3FBF6CCEA0C}.Ad-Hoc|iPhoneSimulator.ActiveCfg = Debug|Any CPU
		{1A619310-D1C9-419D-9EDD-D3FBF6CCEA0C}.Ad-Hoc|iPhoneSimulator.Build.0 = Debug|Any CPU
		{1A619310-D1C9-419D-9EDD-D3FBF6CCEA0C}.Ad-Hoc|x64.ActiveCfg = Debug|Any CPU
		{1A619310-D1C9-419D-9EDD-D3FBF6CCEA0C}.Ad-Hoc|x64.Build.0 = Debug|Any CPU
		{1A619310-D1C9-419D-9EDD-D3FBF6CCEA0C}.Ad-Hoc|x86.ActiveCfg = Debug|Any CPU
		{1A619310-D1C9-419D-9EDD-D3FBF6CCEA0C}.Ad-Hoc|x86.Build.0 = Debug|Any CPU
		{1A619310-D1C9-419D-9EDD-D3FBF6CCEA0C}.AppStore|Any CPU.ActiveCfg = Debug|Any CPU
		{1A619310-D1C9-419D-9EDD-D3FBF6CCEA0C}.AppStore|Any CPU.Build.0 = Debug|Any CPU
		{1A619310-D1C9-419D-9EDD-D3FBF6CCEA0C}.AppStore|ARM.ActiveCfg = Debug|Any CPU
		{1A619310-D1C9-419D-9EDD-D3FBF6CCEA0C}.AppStore|ARM.Build.0 = Debug|Any CPU
		{1A619310-D1C9-419D-9EDD-D3FBF6CCEA0C}.AppStore|iPhone.ActiveCfg = Debug|Any CPU
		{1A619310-D1C9-419D-9EDD-D3FBF6CCEA0C}.AppStore|iPhone.Build.0 = Debug|Any CPU
		{1A619310-D1C9-419D-9EDD-D3FBF6CCEA0C}.AppStore|iPhoneSimulator.ActiveCfg = Debug|Any CPU
		{1A619310-D1C9-419D-9EDD-D3FBF6CCEA0C}.AppStore|iPhoneSimulator.Build.0 = Debug|Any CPU
		{1A619310-D1C9-419D-9EDD-D3FBF6CCEA0C}.AppStore|x64.ActiveCfg = Debug|Any CPU
		{1A619310-D1C9-419D-9EDD-D3FBF6CCEA0C}.AppStore|x64.Build.0 = Debug|Any CPU
		{1A619310-D1C9-419D-9EDD-D3FBF6CCEA0C}.AppStore|x86.ActiveCfg = Debug|Any CPU
		{1A619310-D1C9-419D-9EDD-D3FBF6CCEA0C}.AppStore|x86.Build.0 = Debug|Any CPU
		{1A619310-D1C9-419D-9EDD-D3FBF6CCEA0C}.Debug|Any CPU.ActiveCfg = Debug|Any CPU
		{1A619310-D1C9-419D-9EDD-D3FBF6CCEA0C}.Debug|Any CPU.Build.0 = Debug|Any CPU
		{1A619310-D1C9-419D-9EDD-D3FBF6CCEA0C}.Debug|ARM.ActiveCfg = Debug|Any CPU
		{1A619310-D1C9-419D-9EDD-D3FBF6CCEA0C}.Debug|ARM.Build.0 = Debug|Any CPU
		{1A619310-D1C9-419D-9EDD-D3FBF6CCEA0C}.Debug|iPhone.ActiveCfg = Debug|Any CPU
		{1A619310-D1C9-419D-9EDD-D3FBF6CCEA0C}.Debug|iPhone.Build.0 = Debug|Any CPU
		{1A619310-D1C9-419D-9EDD-D3FBF6CCEA0C}.Debug|iPhoneSimulator.ActiveCfg = Debug|Any CPU
		{1A619310-D1C9-419D-9EDD-D3FBF6CCEA0C}.Debug|iPhoneSimulator.Build.0 = Debug|Any CPU
		{1A619310-D1C9-419D-9EDD-D3FBF6CCEA0C}.Debug|x64.ActiveCfg = Debug|Any CPU
		{1A619310-D1C9-419D-9EDD-D3FBF6CCEA0C}.Debug|x64.Build.0 = Debug|Any CPU
		{1A619310-D1C9-419D-9EDD-D3FBF6CCEA0C}.Debug|x86.ActiveCfg = Debug|Any CPU
		{1A619310-D1C9-419D-9EDD-D3FBF6CCEA0C}.Debug|x86.Build.0 = Debug|Any CPU
		{1A619310-D1C9-419D-9EDD-D3FBF6CCEA0C}.Release|Any CPU.ActiveCfg = Release|Any CPU
		{1A619310-D1C9-419D-9EDD-D3FBF6CCEA0C}.Release|Any CPU.Build.0 = Release|Any CPU
		{1A619310-D1C9-419D-9EDD-D3FBF6CCEA0C}.Release|ARM.ActiveCfg = Release|Any CPU
		{1A619310-D1C9-419D-9EDD-D3FBF6CCEA0C}.Release|ARM.Build.0 = Release|Any CPU
		{1A619310-D1C9-419D-9EDD-D3FBF6CCEA0C}.Release|iPhone.ActiveCfg = Release|Any CPU
		{1A619310-D1C9-419D-9EDD-D3FBF6CCEA0C}.Release|iPhone.Build.0 = Release|Any CPU
		{1A619310-D1C9-419D-9EDD-D3FBF6CCEA0C}.Release|iPhoneSimulator.ActiveCfg = Release|Any CPU
		{1A619310-D1C9-419D-9EDD-D3FBF6CCEA0C}.Release|iPhoneSimulator.Build.0 = Release|Any CPU
		{1A619310-D1C9-419D-9EDD-D3FBF6CCEA0C}.Release|x64.ActiveCfg = Release|Any CPU
		{1A619310-D1C9-419D-9EDD-D3FBF6CCEA0C}.Release|x64.Build.0 = Release|Any CPU
		{1A619310-D1C9-419D-9EDD-D3FBF6CCEA0C}.Release|x86.ActiveCfg = Release|Any CPU
		{1A619310-D1C9-419D-9EDD-D3FBF6CCEA0C}.Release|x86.Build.0 = Release|Any CPU
		{61A2437F-010A-46D9-AD9C-FC226D30020E}.Ad-Hoc|Any CPU.ActiveCfg = Debug|Any CPU
		{61A2437F-010A-46D9-AD9C-FC226D30020E}.Ad-Hoc|Any CPU.Build.0 = Debug|Any CPU
		{61A2437F-010A-46D9-AD9C-FC226D30020E}.Ad-Hoc|Any CPU.Deploy.0 = Debug|Any CPU
		{61A2437F-010A-46D9-AD9C-FC226D30020E}.Ad-Hoc|ARM.ActiveCfg = Debug|Any CPU
		{61A2437F-010A-46D9-AD9C-FC226D30020E}.Ad-Hoc|ARM.Build.0 = Debug|Any CPU
		{61A2437F-010A-46D9-AD9C-FC226D30020E}.Ad-Hoc|ARM.Deploy.0 = Debug|Any CPU
		{61A2437F-010A-46D9-AD9C-FC226D30020E}.Ad-Hoc|iPhone.ActiveCfg = Debug|Any CPU
		{61A2437F-010A-46D9-AD9C-FC226D30020E}.Ad-Hoc|iPhone.Build.0 = Debug|Any CPU
		{61A2437F-010A-46D9-AD9C-FC226D30020E}.Ad-Hoc|iPhone.Deploy.0 = Debug|Any CPU
		{61A2437F-010A-46D9-AD9C-FC226D30020E}.Ad-Hoc|iPhoneSimulator.ActiveCfg = Debug|Any CPU
		{61A2437F-010A-46D9-AD9C-FC226D30020E}.Ad-Hoc|iPhoneSimulator.Build.0 = Debug|Any CPU
		{61A2437F-010A-46D9-AD9C-FC226D30020E}.Ad-Hoc|iPhoneSimulator.Deploy.0 = Debug|Any CPU
		{61A2437F-010A-46D9-AD9C-FC226D30020E}.Ad-Hoc|x64.ActiveCfg = Debug|Any CPU
		{61A2437F-010A-46D9-AD9C-FC226D30020E}.Ad-Hoc|x64.Build.0 = Debug|Any CPU
		{61A2437F-010A-46D9-AD9C-FC226D30020E}.Ad-Hoc|x64.Deploy.0 = Debug|Any CPU
		{61A2437F-010A-46D9-AD9C-FC226D30020E}.Ad-Hoc|x86.ActiveCfg = Debug|Any CPU
		{61A2437F-010A-46D9-AD9C-FC226D30020E}.Ad-Hoc|x86.Build.0 = Debug|Any CPU
		{61A2437F-010A-46D9-AD9C-FC226D30020E}.Ad-Hoc|x86.Deploy.0 = Debug|Any CPU
		{61A2437F-010A-46D9-AD9C-FC226D30020E}.AppStore|Any CPU.ActiveCfg = Debug|Any CPU
		{61A2437F-010A-46D9-AD9C-FC226D30020E}.AppStore|Any CPU.Build.0 = Debug|Any CPU
		{61A2437F-010A-46D9-AD9C-FC226D30020E}.AppStore|Any CPU.Deploy.0 = Debug|Any CPU
		{61A2437F-010A-46D9-AD9C-FC226D30020E}.AppStore|ARM.ActiveCfg = Debug|Any CPU
		{61A2437F-010A-46D9-AD9C-FC226D30020E}.AppStore|ARM.Build.0 = Debug|Any CPU
		{61A2437F-010A-46D9-AD9C-FC226D30020E}.AppStore|ARM.Deploy.0 = Debug|Any CPU
		{61A2437F-010A-46D9-AD9C-FC226D30020E}.AppStore|iPhone.ActiveCfg = Debug|Any CPU
		{61A2437F-010A-46D9-AD9C-FC226D30020E}.AppStore|iPhone.Build.0 = Debug|Any CPU
		{61A2437F-010A-46D9-AD9C-FC226D30020E}.AppStore|iPhone.Deploy.0 = Debug|Any CPU
		{61A2437F-010A-46D9-AD9C-FC226D30020E}.AppStore|iPhoneSimulator.ActiveCfg = Debug|Any CPU
		{61A2437F-010A-46D9-AD9C-FC226D30020E}.AppStore|iPhoneSimulator.Build.0 = Debug|Any CPU
		{61A2437F-010A-46D9-AD9C-FC226D30020E}.AppStore|iPhoneSimulator.Deploy.0 = Debug|Any CPU
		{61A2437F-010A-46D9-AD9C-FC226D30020E}.AppStore|x64.ActiveCfg = Debug|Any CPU
		{61A2437F-010A-46D9-AD9C-FC226D30020E}.AppStore|x64.Build.0 = Debug|Any CPU
		{61A2437F-010A-46D9-AD9C-FC226D30020E}.AppStore|x64.Deploy.0 = Debug|Any CPU
		{61A2437F-010A-46D9-AD9C-FC226D30020E}.AppStore|x86.ActiveCfg = Debug|Any CPU
		{61A2437F-010A-46D9-AD9C-FC226D30020E}.AppStore|x86.Build.0 = Debug|Any CPU
		{61A2437F-010A-46D9-AD9C-FC226D30020E}.AppStore|x86.Deploy.0 = Debug|Any CPU
		{61A2437F-010A-46D9-AD9C-FC226D30020E}.Debug|Any CPU.ActiveCfg = Debug|Any CPU
		{61A2437F-010A-46D9-AD9C-FC226D30020E}.Debug|Any CPU.Build.0 = Debug|Any CPU
		{61A2437F-010A-46D9-AD9C-FC226D30020E}.Debug|Any CPU.Deploy.0 = Debug|Any CPU
		{61A2437F-010A-46D9-AD9C-FC226D30020E}.Debug|ARM.ActiveCfg = Debug|Any CPU
		{61A2437F-010A-46D9-AD9C-FC226D30020E}.Debug|ARM.Build.0 = Debug|Any CPU
		{61A2437F-010A-46D9-AD9C-FC226D30020E}.Debug|ARM.Deploy.0 = Debug|Any CPU
		{61A2437F-010A-46D9-AD9C-FC226D30020E}.Debug|iPhone.ActiveCfg = Debug|Any CPU
		{61A2437F-010A-46D9-AD9C-FC226D30020E}.Debug|iPhone.Build.0 = Debug|Any CPU
		{61A2437F-010A-46D9-AD9C-FC226D30020E}.Debug|iPhone.Deploy.0 = Debug|Any CPU
		{61A2437F-010A-46D9-AD9C-FC226D30020E}.Debug|iPhoneSimulator.ActiveCfg = Debug|Any CPU
		{61A2437F-010A-46D9-AD9C-FC226D30020E}.Debug|iPhoneSimulator.Build.0 = Debug|Any CPU
		{61A2437F-010A-46D9-AD9C-FC226D30020E}.Debug|iPhoneSimulator.Deploy.0 = Debug|Any CPU
		{61A2437F-010A-46D9-AD9C-FC226D30020E}.Debug|x64.ActiveCfg = Debug|Any CPU
		{61A2437F-010A-46D9-AD9C-FC226D30020E}.Debug|x64.Build.0 = Debug|Any CPU
		{61A2437F-010A-46D9-AD9C-FC226D30020E}.Debug|x64.Deploy.0 = Debug|Any CPU
		{61A2437F-010A-46D9-AD9C-FC226D30020E}.Debug|x86.ActiveCfg = Debug|Any CPU
		{61A2437F-010A-46D9-AD9C-FC226D30020E}.Debug|x86.Build.0 = Debug|Any CPU
		{61A2437F-010A-46D9-AD9C-FC226D30020E}.Debug|x86.Deploy.0 = Debug|Any CPU
		{61A2437F-010A-46D9-AD9C-FC226D30020E}.Release|Any CPU.ActiveCfg = Release|Any CPU
		{61A2437F-010A-46D9-AD9C-FC226D30020E}.Release|Any CPU.Build.0 = Release|Any CPU
		{61A2437F-010A-46D9-AD9C-FC226D30020E}.Release|Any CPU.Deploy.0 = Release|Any CPU
		{61A2437F-010A-46D9-AD9C-FC226D30020E}.Release|ARM.ActiveCfg = Release|Any CPU
		{61A2437F-010A-46D9-AD9C-FC226D30020E}.Release|ARM.Build.0 = Release|Any CPU
		{61A2437F-010A-46D9-AD9C-FC226D30020E}.Release|ARM.Deploy.0 = Release|Any CPU
		{61A2437F-010A-46D9-AD9C-FC226D30020E}.Release|iPhone.ActiveCfg = Release|Any CPU
		{61A2437F-010A-46D9-AD9C-FC226D30020E}.Release|iPhone.Build.0 = Release|Any CPU
		{61A2437F-010A-46D9-AD9C-FC226D30020E}.Release|iPhone.Deploy.0 = Release|Any CPU
		{61A2437F-010A-46D9-AD9C-FC226D30020E}.Release|iPhoneSimulator.ActiveCfg = Release|Any CPU
		{61A2437F-010A-46D9-AD9C-FC226D30020E}.Release|iPhoneSimulator.Build.0 = Release|Any CPU
		{61A2437F-010A-46D9-AD9C-FC226D30020E}.Release|iPhoneSimulator.Deploy.0 = Release|Any CPU
		{61A2437F-010A-46D9-AD9C-FC226D30020E}.Release|x64.ActiveCfg = Release|Any CPU
		{61A2437F-010A-46D9-AD9C-FC226D30020E}.Release|x64.Build.0 = Release|Any CPU
		{61A2437F-010A-46D9-AD9C-FC226D30020E}.Release|x64.Deploy.0 = Release|Any CPU
		{61A2437F-010A-46D9-AD9C-FC226D30020E}.Release|x86.ActiveCfg = Release|Any CPU
		{61A2437F-010A-46D9-AD9C-FC226D30020E}.Release|x86.Build.0 = Release|Any CPU
		{61A2437F-010A-46D9-AD9C-FC226D30020E}.Release|x86.Deploy.0 = Release|Any CPU
		{69979269-6EE1-4ED0-858B-5E46EB192BD6}.Ad-Hoc|Any CPU.ActiveCfg = Ad-Hoc|iPhoneSimulator
		{69979269-6EE1-4ED0-858B-5E46EB192BD6}.Ad-Hoc|ARM.ActiveCfg = Ad-Hoc|iPhoneSimulator
		{69979269-6EE1-4ED0-858B-5E46EB192BD6}.Ad-Hoc|iPhone.ActiveCfg = Ad-Hoc|iPhone
		{69979269-6EE1-4ED0-858B-5E46EB192BD6}.Ad-Hoc|iPhone.Build.0 = Ad-Hoc|iPhone
		{69979269-6EE1-4ED0-858B-5E46EB192BD6}.Ad-Hoc|iPhoneSimulator.ActiveCfg = Ad-Hoc|iPhoneSimulator
		{69979269-6EE1-4ED0-858B-5E46EB192BD6}.Ad-Hoc|iPhoneSimulator.Build.0 = Ad-Hoc|iPhoneSimulator
		{69979269-6EE1-4ED0-858B-5E46EB192BD6}.Ad-Hoc|x64.ActiveCfg = Ad-Hoc|iPhoneSimulator
		{69979269-6EE1-4ED0-858B-5E46EB192BD6}.Ad-Hoc|x86.ActiveCfg = Ad-Hoc|iPhoneSimulator
		{69979269-6EE1-4ED0-858B-5E46EB192BD6}.AppStore|Any CPU.ActiveCfg = AppStore|iPhoneSimulator
		{69979269-6EE1-4ED0-858B-5E46EB192BD6}.AppStore|ARM.ActiveCfg = AppStore|iPhoneSimulator
		{69979269-6EE1-4ED0-858B-5E46EB192BD6}.AppStore|iPhone.ActiveCfg = AppStore|iPhone
		{69979269-6EE1-4ED0-858B-5E46EB192BD6}.AppStore|iPhone.Build.0 = AppStore|iPhone
		{69979269-6EE1-4ED0-858B-5E46EB192BD6}.AppStore|iPhoneSimulator.ActiveCfg = AppStore|iPhoneSimulator
		{69979269-6EE1-4ED0-858B-5E46EB192BD6}.AppStore|iPhoneSimulator.Build.0 = AppStore|iPhoneSimulator
		{69979269-6EE1-4ED0-858B-5E46EB192BD6}.AppStore|x64.ActiveCfg = AppStore|iPhoneSimulator
		{69979269-6EE1-4ED0-858B-5E46EB192BD6}.AppStore|x86.ActiveCfg = AppStore|iPhoneSimulator
		{69979269-6EE1-4ED0-858B-5E46EB192BD6}.Debug|Any CPU.ActiveCfg = Debug|iPhoneSimulator
		{69979269-6EE1-4ED0-858B-5E46EB192BD6}.Debug|ARM.ActiveCfg = Debug|iPhoneSimulator
		{69979269-6EE1-4ED0-858B-5E46EB192BD6}.Debug|iPhone.ActiveCfg = Debug|iPhone
		{69979269-6EE1-4ED0-858B-5E46EB192BD6}.Debug|iPhone.Build.0 = Debug|iPhone
		{69979269-6EE1-4ED0-858B-5E46EB192BD6}.Debug|iPhoneSimulator.ActiveCfg = Debug|iPhoneSimulator
		{69979269-6EE1-4ED0-858B-5E46EB192BD6}.Debug|iPhoneSimulator.Build.0 = Debug|iPhoneSimulator
		{69979269-6EE1-4ED0-858B-5E46EB192BD6}.Debug|x64.ActiveCfg = Debug|iPhoneSimulator
		{69979269-6EE1-4ED0-858B-5E46EB192BD6}.Debug|x86.ActiveCfg = Debug|iPhoneSimulator
		{69979269-6EE1-4ED0-858B-5E46EB192BD6}.Release|Any CPU.ActiveCfg = Release|iPhoneSimulator
		{69979269-6EE1-4ED0-858B-5E46EB192BD6}.Release|ARM.ActiveCfg = Release|iPhoneSimulator
		{69979269-6EE1-4ED0-858B-5E46EB192BD6}.Release|iPhone.ActiveCfg = Release|iPhone
		{69979269-6EE1-4ED0-858B-5E46EB192BD6}.Release|iPhone.Build.0 = Release|iPhone
		{69979269-6EE1-4ED0-858B-5E46EB192BD6}.Release|iPhoneSimulator.ActiveCfg = Release|iPhoneSimulator
		{69979269-6EE1-4ED0-858B-5E46EB192BD6}.Release|iPhoneSimulator.Build.0 = Release|iPhoneSimulator
		{69979269-6EE1-4ED0-858B-5E46EB192BD6}.Release|x64.ActiveCfg = Release|iPhoneSimulator
		{69979269-6EE1-4ED0-858B-5E46EB192BD6}.Release|x86.ActiveCfg = Release|iPhoneSimulator
		{16509B24-3394-4E18-B0CE-B30B7B39B265}.Ad-Hoc|Any CPU.ActiveCfg = Debug|ARM
		{16509B24-3394-4E18-B0CE-B30B7B39B265}.Ad-Hoc|Any CPU.Build.0 = Debug|ARM
		{16509B24-3394-4E18-B0CE-B30B7B39B265}.Ad-Hoc|Any CPU.Deploy.0 = Debug|ARM
		{16509B24-3394-4E18-B0CE-B30B7B39B265}.Ad-Hoc|ARM.ActiveCfg = Debug|ARM
		{16509B24-3394-4E18-B0CE-B30B7B39B265}.Ad-Hoc|ARM.Build.0 = Debug|ARM
		{16509B24-3394-4E18-B0CE-B30B7B39B265}.Ad-Hoc|ARM.Deploy.0 = Debug|ARM
		{16509B24-3394-4E18-B0CE-B30B7B39B265}.Ad-Hoc|iPhone.ActiveCfg = Debug|ARM
		{16509B24-3394-4E18-B0CE-B30B7B39B265}.Ad-Hoc|iPhone.Build.0 = Debug|ARM
		{16509B24-3394-4E18-B0CE-B30B7B39B265}.Ad-Hoc|iPhone.Deploy.0 = Debug|ARM
		{16509B24-3394-4E18-B0CE-B30B7B39B265}.Ad-Hoc|iPhoneSimulator.ActiveCfg = Debug|ARM
		{16509B24-3394-4E18-B0CE-B30B7B39B265}.Ad-Hoc|iPhoneSimulator.Build.0 = Debug|ARM
		{16509B24-3394-4E18-B0CE-B30B7B39B265}.Ad-Hoc|iPhoneSimulator.Deploy.0 = Debug|ARM
		{16509B24-3394-4E18-B0CE-B30B7B39B265}.Ad-Hoc|x64.ActiveCfg = Debug|x64
		{16509B24-3394-4E18-B0CE-B30B7B39B265}.Ad-Hoc|x64.Build.0 = Debug|x64
		{16509B24-3394-4E18-B0CE-B30B7B39B265}.Ad-Hoc|x64.Deploy.0 = Debug|x64
		{16509B24-3394-4E18-B0CE-B30B7B39B265}.Ad-Hoc|x86.ActiveCfg = Debug|x86
		{16509B24-3394-4E18-B0CE-B30B7B39B265}.Ad-Hoc|x86.Build.0 = Debug|x86
		{16509B24-3394-4E18-B0CE-B30B7B39B265}.Ad-Hoc|x86.Deploy.0 = Debug|x86
		{16509B24-3394-4E18-B0CE-B30B7B39B265}.AppStore|Any CPU.ActiveCfg = Debug|ARM
		{16509B24-3394-4E18-B0CE-B30B7B39B265}.AppStore|Any CPU.Build.0 = Debug|ARM
		{16509B24-3394-4E18-B0CE-B30B7B39B265}.AppStore|Any CPU.Deploy.0 = Debug|ARM
		{16509B24-3394-4E18-B0CE-B30B7B39B265}.AppStore|ARM.ActiveCfg = Debug|ARM
		{16509B24-3394-4E18-B0CE-B30B7B39B265}.AppStore|ARM.Build.0 = Debug|ARM
		{16509B24-3394-4E18-B0CE-B30B7B39B265}.AppStore|ARM.Deploy.0 = Debug|ARM
		{16509B24-3394-4E18-B0CE-B30B7B39B265}.AppStore|iPhone.ActiveCfg = Debug|ARM
		{16509B24-3394-4E18-B0CE-B30B7B39B265}.AppStore|iPhone.Build.0 = Debug|ARM
		{16509B24-3394-4E18-B0CE-B30B7B39B265}.AppStore|iPhone.Deploy.0 = Debug|ARM
		{16509B24-3394-4E18-B0CE-B30B7B39B265}.AppStore|iPhoneSimulator.ActiveCfg = Debug|ARM
		{16509B24-3394-4E18-B0CE-B30B7B39B265}.AppStore|iPhoneSimulator.Build.0 = Debug|ARM
		{16509B24-3394-4E18-B0CE-B30B7B39B265}.AppStore|iPhoneSimulator.Deploy.0 = Debug|ARM
		{16509B24-3394-4E18-B0CE-B30B7B39B265}.AppStore|x64.ActiveCfg = Debug|x64
		{16509B24-3394-4E18-B0CE-B30B7B39B265}.AppStore|x64.Build.0 = Debug|x64
		{16509B24-3394-4E18-B0CE-B30B7B39B265}.AppStore|x64.Deploy.0 = Debug|x64
		{16509B24-3394-4E18-B0CE-B30B7B39B265}.AppStore|x86.ActiveCfg = Debug|x86
		{16509B24-3394-4E18-B0CE-B30B7B39B265}.AppStore|x86.Build.0 = Debug|x86
		{16509B24-3394-4E18-B0CE-B30B7B39B265}.AppStore|x86.Deploy.0 = Debug|x86
		{16509B24-3394-4E18-B0CE-B30B7B39B265}.Debug|Any CPU.ActiveCfg = Debug|x86
		{16509B24-3394-4E18-B0CE-B30B7B39B265}.Debug|Any CPU.Build.0 = Debug|x86
		{16509B24-3394-4E18-B0CE-B30B7B39B265}.Debug|Any CPU.Deploy.0 = Debug|x86
		{16509B24-3394-4E18-B0CE-B30B7B39B265}.Debug|ARM.ActiveCfg = Debug|ARM
		{16509B24-3394-4E18-B0CE-B30B7B39B265}.Debug|ARM.Build.0 = Debug|ARM
		{16509B24-3394-4E18-B0CE-B30B7B39B265}.Debug|ARM.Deploy.0 = Debug|ARM
		{16509B24-3394-4E18-B0CE-B30B7B39B265}.Debug|iPhone.ActiveCfg = Debug|x86
		{16509B24-3394-4E18-B0CE-B30B7B39B265}.Debug|iPhoneSimulator.ActiveCfg = Debug|x86
		{16509B24-3394-4E18-B0CE-B30B7B39B265}.Debug|x64.ActiveCfg = Debug|x64
		{16509B24-3394-4E18-B0CE-B30B7B39B265}.Debug|x64.Build.0 = Debug|x64
		{16509B24-3394-4E18-B0CE-B30B7B39B265}.Debug|x64.Deploy.0 = Debug|x64
		{16509B24-3394-4E18-B0CE-B30B7B39B265}.Debug|x86.ActiveCfg = Debug|x86
		{16509B24-3394-4E18-B0CE-B30B7B39B265}.Debug|x86.Build.0 = Debug|x86
		{16509B24-3394-4E18-B0CE-B30B7B39B265}.Debug|x86.Deploy.0 = Debug|x86
		{16509B24-3394-4E18-B0CE-B30B7B39B265}.Release|Any CPU.ActiveCfg = Release|x86
		{16509B24-3394-4E18-B0CE-B30B7B39B265}.Release|ARM.ActiveCfg = Release|ARM
		{16509B24-3394-4E18-B0CE-B30B7B39B265}.Release|ARM.Build.0 = Release|ARM
		{16509B24-3394-4E18-B0CE-B30B7B39B265}.Release|ARM.Deploy.0 = Release|ARM
		{16509B24-3394-4E18-B0CE-B30B7B39B265}.Release|iPhone.ActiveCfg = Release|x86
		{16509B24-3394-4E18-B0CE-B30B7B39B265}.Release|iPhoneSimulator.ActiveCfg = Release|x86
		{16509B24-3394-4E18-B0CE-B30B7B39B265}.Release|x64.ActiveCfg = Release|x64
		{16509B24-3394-4E18-B0CE-B30B7B39B265}.Release|x64.Build.0 = Release|x64
		{16509B24-3394-4E18-B0CE-B30B7B39B265}.Release|x64.Deploy.0 = Release|x64
		{16509B24-3394-4E18-B0CE-B30B7B39B265}.Release|x86.ActiveCfg = Release|x86
		{16509B24-3394-4E18-B0CE-B30B7B39B265}.Release|x86.Build.0 = Release|x86
		{16509B24-3394-4E18-B0CE-B30B7B39B265}.Release|x86.Deploy.0 = Release|x86
	EndGlobalSection
	GlobalSection(SolutionProperties) = preSolution
		HideSolutionNode = FALSE
	EndGlobalSection
	GlobalSection(ExtensibilityGlobals) = postSolution
		SolutionGuid = {E151F654-405D-488D-962B-EDDC7BA334CB}
	EndGlobalSection
EndGlobal
